{
  "name": "quizzify",
  "version": "1.0.0",
  "lockfileVersion": 3,
  "requires": true,
  "packages": {
    "": {
      "name": "quizzify",
      "version": "1.0.0",
      "license": "ISC",
      "devDependencies": {
        "@google/generative-ai": "^0.2.1",
        "@mozilla/readability": "^0.5.0",
        "@rollup/plugin-commonjs": "^25.0.7",
        "@rollup/plugin-node-resolve": "^15.2.3",
        "rollup": "^4.12.0"
      }
    },
    "node_modules/@google/generative-ai": {
      "version": "0.2.1",
      "resolved": "https://registry.npmjs.org/@google/generative-ai/-/generative-ai-0.2.1.tgz",
      "integrity": "sha512-gNmMFadfwi7qf/6M9gImgyGJXY1jKQ/de8vGOqgJ0PPYgQ7WwzZDavbKrIuXS2zdqZZaYtxW3EFN6aG9x5wtFw==",
      "dev": true,
      "engines": {
        "node": ">=18.0.0"
      }
    },
    "node_modules/@jridgewell/sourcemap-codec": {
      "version": "1.4.15",
      "resolved": "https://registry.npmjs.org/@jridgewell/sourcemap-codec/-/sourcemap-codec-1.4.15.tgz",
      "integrity": "sha512-eF2rxCRulEKXHTRiDrDy6erMYWqNw4LPdQ8UQA4huuxaQsVeRPFl2oM8oDGxMFhJUWZf9McpLtJasDDZb/Bpeg==",
      "dev": true
    },
    "node_modules/@mozilla/readability": {
      "version": "0.5.0",
      "resolved": "https://registry.npmjs.org/@mozilla/readability/-/readability-0.5.0.tgz",
      "integrity": "sha512-Z+CZ3QaosfFaTqvhQsIktyGrjFjSC0Fa4EMph4mqKnWhmyoGICsV/8QK+8HpXut6zV7zwfWwqDmEjtk1Qf6EgQ==",
      "dev": true,
      "engines": {
        "node": ">=14.0.0"
      }
    },
    "node_modules/@rollup/plugin-commonjs": {
      "version": "25.0.7",
      "resolved": "https://registry.npmjs.org/@rollup/plugin-commonjs/-/plugin-commonjs-25.0.7.tgz",
      "integrity": "sha512-nEvcR+LRjEjsaSsc4x3XZfCCvZIaSMenZu/OiwOKGN2UhQpAYI7ru7czFvyWbErlpoGjnSX3D5Ch5FcMA3kRWQ==",
      "dev": true,
      "dependencies": {
        "@rollup/pluginutils": "^5.0.1",
        "commondir": "^1.0.1",
        "estree-walker": "^2.0.2",
        "glob": "^8.0.3",
        "is-reference": "1.2.1",
        "magic-string": "^0.30.3"
      },
      "engines": {
        "node": ">=14.0.0"
      },
      "peerDependencies": {
        "rollup": "^2.68.0||^3.0.0||^4.0.0"
      },
      "peerDependenciesMeta": {
        "rollup": {
          "optional": true
        }
      }
    },
    "node_modules/@rollup/plugin-node-resolve": {
      "version": "15.2.3",
      "resolved": "https://registry.npmjs.org/@rollup/plugin-node-resolve/-/plugin-node-resolve-15.2.3.tgz",
      "integrity": "sha512-j/lym8nf5E21LwBT4Df1VD6hRO2L2iwUeUmP7litikRsVp1H6NWx20NEp0Y7su+7XGc476GnXXc4kFeZNGmaSQ==",
      "dev": true,
      "dependencies": {
        "@rollup/pluginutils": "^5.0.1",
        "@types/resolve": "1.20.2",
        "deepmerge": "^4.2.2",
        "is-builtin-module": "^3.2.1",
        "is-module": "^1.0.0",
        "resolve": "^1.22.1"
      },
      "engines": {
        "node": ">=14.0.0"
      },
      "peerDependencies": {
        "rollup": "^2.78.0||^3.0.0||^4.0.0"
      },
      "peerDependenciesMeta": {
        "rollup": {
          "optional": true
        }
      }
    },
    "node_modules/@rollup/pluginutils": {
      "version": "5.1.0",
      "resolved": "https://registry.npmjs.org/@rollup/pluginutils/-/pluginutils-5.1.0.tgz",
      "integrity": "sha512-XTIWOPPcpvyKI6L1NHo0lFlCyznUEyPmPY1mc3KpPVDYulHSTvyeLNVW00QTLIAFNhR3kYnJTQHeGqU4M3n09g==",
      "dev": true,
      "dependencies": {
        "@types/estree": "^1.0.0",
        "estree-walker": "^2.0.2",
        "picomatch": "^2.3.1"
      },
      "engines": {
        "node": ">=14.0.0"
      },
      "peerDependencies": {
        "rollup": "^1.20.0||^2.0.0||^3.0.0||^4.0.0"
      },
      "peerDependenciesMeta": {
        "rollup": {
          "optional": true
        }
      }
    },
    "node_modules/@rollup/rollup-android-arm-eabi": {
      "version": "4.12.0",
      "resolved": "https://registry.npmjs.org/@rollup/rollup-android-arm-eabi/-/rollup-android-arm-eabi-4.12.0.tgz",
      "integrity": "sha512-+ac02NL/2TCKRrJu2wffk1kZ+RyqxVUlbjSagNgPm94frxtr+XDL12E5Ll1enWskLrtrZ2r8L3wED1orIibV/w==",
      "cpu": [
        "arm"
      ],
      "dev": true,
      "optional": true,
      "os": [
        "android"
      ]
    },
    "node_modules/@rollup/rollup-android-arm64": {
      "version": "4.12.0",
      "resolved": "https://registry.npmjs.org/@rollup/rollup-android-arm64/-/rollup-android-arm64-4.12.0.tgz",
      "integrity": "sha512-OBqcX2BMe6nvjQ0Nyp7cC90cnumt8PXmO7Dp3gfAju/6YwG0Tj74z1vKrfRz7qAv23nBcYM8BCbhrsWqO7PzQQ==",
      "cpu": [
        "arm64"
      ],
      "dev": true,
      "optional": true,
      "os": [
        "android"
      ]
    },
    "node_modules/@rollup/rollup-darwin-arm64": {
      "version": "4.12.0",
      "resolved": "https://registry.npmjs.org/@rollup/rollup-darwin-arm64/-/rollup-darwin-arm64-4.12.0.tgz",
      "integrity": "sha512-X64tZd8dRE/QTrBIEs63kaOBG0b5GVEd3ccoLtyf6IdXtHdh8h+I56C2yC3PtC9Ucnv0CpNFJLqKFVgCYe0lOQ==",
      "cpu": [
        "arm64"
      ],
      "dev": true,
      "optional": true,
      "os": [
        "darwin"
      ]
    },
    "node_modules/@rollup/rollup-darwin-x64": {
      "version": "4.12.0",
      "resolved": "https://registry.npmjs.org/@rollup/rollup-darwin-x64/-/rollup-darwin-x64-4.12.0.tgz",
      "integrity": "sha512-cc71KUZoVbUJmGP2cOuiZ9HSOP14AzBAThn3OU+9LcA1+IUqswJyR1cAJj3Mg55HbjZP6OLAIscbQsQLrpgTOg==",
      "cpu": [
        "x64"
      ],
      "dev": true,
      "optional": true,
      "os": [
        "darwin"
      ]
    },
    "node_modules/@rollup/rollup-linux-arm-gnueabihf": {
      "version": "4.12.0",
      "resolved": "https://registry.npmjs.org/@rollup/rollup-linux-arm-gnueabihf/-/rollup-linux-arm-gnueabihf-4.12.0.tgz",
      "integrity": "sha512-a6w/Y3hyyO6GlpKL2xJ4IOh/7d+APaqLYdMf86xnczU3nurFTaVN9s9jOXQg97BE4nYm/7Ga51rjec5nfRdrvA==",
      "cpu": [
        "arm"
      ],
      "dev": true,
      "optional": true,
      "os": [
        "linux"
      ]
    },
    "node_modules/@rollup/rollup-linux-arm64-gnu": {
      "version": "4.12.0",
      "resolved": "https://registry.npmjs.org/@rollup/rollup-linux-arm64-gnu/-/rollup-linux-arm64-gnu-4.12.0.tgz",
      "integrity": "sha512-0fZBq27b+D7Ar5CQMofVN8sggOVhEtzFUwOwPppQt0k+VR+7UHMZZY4y+64WJ06XOhBTKXtQB/Sv0NwQMXyNAA==",
      "cpu": [
        "arm64"
      ],
      "dev": true,
      "optional": true,
      "os": [
        "linux"
      ]
    },
    "node_modules/@rollup/rollup-linux-arm64-musl": {
      "version": "4.12.0",
      "resolved": "https://registry.npmjs.org/@rollup/rollup-linux-arm64-musl/-/rollup-linux-arm64-musl-4.12.0.tgz",
      "integrity": "sha512-eTvzUS3hhhlgeAv6bfigekzWZjaEX9xP9HhxB0Dvrdbkk5w/b+1Sxct2ZuDxNJKzsRStSq1EaEkVSEe7A7ipgQ==",
      "cpu": [
        "arm64"
      ],
      "dev": true,
      "optional": true,
      "os": [
        "linux"
      ]
    },
    "node_modules/@rollup/rollup-linux-riscv64-gnu": {
      "version": "4.12.0",
      "resolved": "https://registry.npmjs.org/@rollup/rollup-linux-riscv64-gnu/-/rollup-linux-riscv64-gnu-4.12.0.tgz",
      "integrity": "sha512-ix+qAB9qmrCRiaO71VFfY8rkiAZJL8zQRXveS27HS+pKdjwUfEhqo2+YF2oI+H/22Xsiski+qqwIBxVewLK7sw==",
      "cpu": [
        "riscv64"
      ],
      "dev": true,
      "optional": true,
      "os": [
        "linux"
      ]
    },
    "node_modules/@rollup/rollup-linux-x64-gnu": {
      "version": "4.12.0",
      "resolved": "https://registry.npmjs.org/@rollup/rollup-linux-x64-gnu/-/rollup-linux-x64-gnu-4.12.0.tgz",
      "integrity": "sha512-TenQhZVOtw/3qKOPa7d+QgkeM6xY0LtwzR8OplmyL5LrgTWIXpTQg2Q2ycBf8jm+SFW2Wt/DTn1gf7nFp3ssVA==",
      "cpu": [
        "x64"
      ],
      "dev": true,
      "optional": true,
      "os": [
        "linux"
      ]
    },
    "node_modules/@rollup/rollup-linux-x64-musl": {
      "version": "4.12.0",
      "resolved": "https://registry.npmjs.org/@rollup/rollup-linux-x64-musl/-/rollup-linux-x64-musl-4.12.0.tgz",
      "integrity": "sha512-LfFdRhNnW0zdMvdCb5FNuWlls2WbbSridJvxOvYWgSBOYZtgBfW9UGNJG//rwMqTX1xQE9BAodvMH9tAusKDUw==",
      "cpu": [
        "x64"
      ],
      "dev": true,
      "optional": true,
      "os": [
        "linux"
      ]
    },
    "node_modules/@rollup/rollup-win32-arm64-msvc": {
      "version": "4.12.0",
      "resolved": "https://registry.npmjs.org/@rollup/rollup-win32-arm64-msvc/-/rollup-win32-arm64-msvc-4.12.0.tgz",
      "integrity": "sha512-JPDxovheWNp6d7AHCgsUlkuCKvtu3RB55iNEkaQcf0ttsDU/JZF+iQnYcQJSk/7PtT4mjjVG8N1kpwnI9SLYaw==",
      "cpu": [
        "arm64"
      ],
      "dev": true,
      "optional": true,
      "os": [
        "win32"
      ]
    },
    "node_modules/@rollup/rollup-win32-ia32-msvc": {
      "version": "4.12.0",
      "resolved": "https://registry.npmjs.org/@rollup/rollup-win32-ia32-msvc/-/rollup-win32-ia32-msvc-4.12.0.tgz",
      "integrity": "sha512-fjtuvMWRGJn1oZacG8IPnzIV6GF2/XG+h71FKn76OYFqySXInJtseAqdprVTDTyqPxQOG9Exak5/E9Z3+EJ8ZA==",
      "cpu": [
        "ia32"
      ],
      "dev": true,
      "optional": true,
      "os": [
        "win32"
      ]
    },
    "node_modules/@rollup/rollup-win32-x64-msvc": {
      "version": "4.12.0",
      "resolved": "https://registry.npmjs.org/@rollup/rollup-win32-x64-msvc/-/rollup-win32-x64-msvc-4.12.0.tgz",
      "integrity": "sha512-ZYmr5mS2wd4Dew/JjT0Fqi2NPB/ZhZ2VvPp7SmvPZb4Y1CG/LRcS6tcRo2cYU7zLK5A7cdbhWnnWmUjoI4qapg==",
      "cpu": [
        "x64"
      ],
      "dev": true,
      "optional": true,
      "os": [
        "win32"
      ]
    },
    "node_modules/@types/estree": {
      "version": "1.0.5",
      "resolved": "https://registry.npmjs.org/@types/estree/-/estree-1.0.5.tgz",
      "integrity": "sha512-/kYRxGDLWzHOB7q+wtSUQlFrtcdUccpfy+X+9iMBpHK8QLLhx2wIPYuS5DYtR9Wa/YlZAbIovy7qVdB1Aq6Lyw==",
      "dev": true
    },
    "node_modules/@types/resolve": {
      "version": "1.20.2",
      "resolved": "https://registry.npmjs.org/@types/resolve/-/resolve-1.20.2.tgz",
      "integrity": "sha512-60BCwRFOZCQhDncwQdxxeOEEkbc5dIMccYLwbxsS4TUNeVECQ/pBJ0j09mrHOl/JJvpRPGwO9SvE4nR2Nb/a4Q==",
      "dev": true
    },
    "node_modules/balanced-match": {
      "version": "1.0.2",
      "resolved": "https://registry.npmjs.org/balanced-match/-/balanced-match-1.0.2.tgz",
      "integrity": "sha512-3oSeUO0TMV67hN1AmbXsK4yaqU7tjiHlbxRDZOpH0KW9+CeX4bRAaX0Anxt0tx2MrpRpWwQaPwIlISEJhYU5Pw==",
      "dev": true
    },
    "node_modules/brace-expansion": {
      "version": "2.0.1",
      "resolved": "https://registry.npmjs.org/brace-expansion/-/brace-expansion-2.0.1.tgz",
      "integrity": "sha512-XnAIvQ8eM+kC6aULx6wuQiwVsnzsi9d3WxzV3FpWTGA19F621kwdbsAcFKXgKUHZWsy+mY6iL1sHTxWEFCytDA==",
      "dev": true,
      "dependencies": {
        "balanced-match": "^1.0.0"
      }
    },
    "node_modules/builtin-modules": {
      "version": "3.3.0",
      "resolved": "https://registry.npmjs.org/builtin-modules/-/builtin-modules-3.3.0.tgz",
      "integrity": "sha512-zhaCDicdLuWN5UbN5IMnFqNMhNfo919sH85y2/ea+5Yg9TsTkeZxpL+JLbp6cgYFS4sRLp3YV4S6yDuqVWHYOw==",
      "dev": true,
      "engines": {
        "node": ">=6"
      },
      "funding": {
        "url": "https://github.com/sponsors/sindresorhus"
      }
    },
    "node_modules/commondir": {
      "version": "1.0.1",
      "resolved": "https://registry.npmjs.org/commondir/-/commondir-1.0.1.tgz",
      "integrity": "sha512-W9pAhw0ja1Edb5GVdIF1mjZw/ASI0AlShXM83UUGe2DVr5TdAPEA1OA8m/g8zWp9x6On7gqufY+FatDbC3MDQg==",
      "dev": true
    },
    "node_modules/deepmerge": {
      "version": "4.3.1",
      "resolved": "https://registry.npmjs.org/deepmerge/-/deepmerge-4.3.1.tgz",
      "integrity": "sha512-3sUqbMEc77XqpdNO7FRyRog+eW3ph+GYCbj+rK+uYyRMuwsVy0rMiVtPn+QJlKFvWP/1PYpapqYn0Me2knFn+A==",
      "dev": true,
      "engines": {
        "node": ">=0.10.0"
      }
    },
    "node_modules/estree-walker": {
      "version": "2.0.2",
      "resolved": "https://registry.npmjs.org/estree-walker/-/estree-walker-2.0.2.tgz",
      "integrity": "sha512-Rfkk/Mp/DL7JVje3u18FxFujQlTNR2q6QfMSMB7AvCBx91NGj/ba3kCfza0f6dVDbw7YlRf/nDrn7pQrCCyQ/w==",
      "dev": true
    },
    "node_modules/fs.realpath": {
      "version": "1.0.0",
      "resolved": "https://registry.npmjs.org/fs.realpath/-/fs.realpath-1.0.0.tgz",
      "integrity": "sha512-OO0pH2lK6a0hZnAdau5ItzHPI6pUlvI7jMVnxUQRtw4owF2wk8lOSabtGDCTP4Ggrg2MbGnWO9X8K1t4+fGMDw==",
      "dev": true
    },
    "node_modules/fsevents": {
      "version": "2.3.3",
      "resolved": "https://registry.npmjs.org/fsevents/-/fsevents-2.3.3.tgz",
      "integrity": "sha512-5xoDfX+fL7faATnagmWPpbFtwh/R77WmMMqqHGS65C3vvB0YHrgF+B1YmZ3441tMj5n63k0212XNoJwzlhffQw==",
      "dev": true,
      "hasInstallScript": true,
      "optional": true,
      "os": [
        "darwin"
      ],
      "engines": {
        "node": "^8.16.0 || ^10.6.0 || >=11.0.0"
      }
    },
    "node_modules/function-bind": {
      "version": "1.1.2",
      "resolved": "https://registry.npmjs.org/function-bind/-/function-bind-1.1.2.tgz",
      "integrity": "sha512-7XHNxH7qX9xG5mIwxkhumTox/MIRNcOgDrxWsMt2pAr23WHp6MrRlN7FBSFpCpr+oVO0F744iUgR82nJMfG2SA==",
      "dev": true,
      "funding": {
        "url": "https://github.com/sponsors/ljharb"
      }
    },
    "node_modules/glob": {
      "version": "8.1.0",
      "resolved": "https://registry.npmjs.org/glob/-/glob-8.1.0.tgz",
      "integrity": "sha512-r8hpEjiQEYlF2QU0df3dS+nxxSIreXQS1qRhMJM0Q5NDdR386C7jb7Hwwod8Fgiuex+k0GFjgft18yvxm5XoCQ==",
      "dev": true,
      "dependencies": {
        "fs.realpath": "^1.0.0",
        "inflight": "^1.0.4",
        "inherits": "2",
        "minimatch": "^5.0.1",
        "once": "^1.3.0"
      },
      "engines": {
        "node": ">=12"
      },
      "funding": {
        "url": "https://github.com/sponsors/isaacs"
      }
    },
    "node_modules/hasown": {
      "version": "2.0.1",
      "resolved": "https://registry.npmjs.org/hasown/-/hasown-2.0.1.tgz",
      "integrity": "sha512-1/th4MHjnwncwXsIW6QMzlvYL9kG5e/CpVvLRZe4XPa8TOUNbCELqmvhDmnkNsAjwaG4+I8gJJL0JBvTTLO9qA==",
      "dev": true,
      "dependencies": {
        "function-bind": "^1.1.2"
      },
      "engines": {
        "node": ">= 0.4"
      }
    },
    "node_modules/inflight": {
      "version": "1.0.6",
      "resolved": "https://registry.npmjs.org/inflight/-/inflight-1.0.6.tgz",
      "integrity": "sha512-k92I/b08q4wvFscXCLvqfsHCrjrF7yiXsQuIVvVE7N82W3+aqpzuUdBbfhWcy/FZR3/4IgflMgKLOsvPDrGCJA==",
      "dev": true,
      "dependencies": {
        "once": "^1.3.0",
        "wrappy": "1"
      }
    },
    "node_modules/inherits": {
      "version": "2.0.4",
      "resolved": "https://registry.npmjs.org/inherits/-/inherits-2.0.4.tgz",
      "integrity": "sha512-k/vGaX4/Yla3WzyMCvTQOXYeIHvqOKtnqBduzTHpzpQZzAskKMhZ2K+EnBiSM9zGSoIFeMpXKxa4dYeZIQqewQ==",
      "dev": true
    },
    "node_modules/is-builtin-module": {
      "version": "3.2.1",
      "resolved": "https://registry.npmjs.org/is-builtin-module/-/is-builtin-module-3.2.1.tgz",
      "integrity": "sha512-BSLE3HnV2syZ0FK0iMA/yUGplUeMmNz4AW5fnTunbCIqZi4vG3WjJT9FHMy5D69xmAYBHXQhJdALdpwVxV501A==",
      "dev": true,
      "dependencies": {
        "builtin-modules": "^3.3.0"
      },
      "engines": {
        "node": ">=6"
      },
      "funding": {
        "url": "https://github.com/sponsors/sindresorhus"
      }
    },
    "node_modules/is-core-module": {
      "version": "2.13.1",
      "resolved": "https://registry.npmjs.org/is-core-module/-/is-core-module-2.13.1.tgz",
      "integrity": "sha512-hHrIjvZsftOsvKSn2TRYl63zvxsgE0K+0mYMoH6gD4omR5IWB2KynivBQczo3+wF1cCkjzvptnI9Q0sPU66ilw==",
      "dev": true,
      "dependencies": {
        "hasown": "^2.0.0"
      },
      "funding": {
        "url": "https://github.com/sponsors/ljharb"
      }
    },
    "node_modules/is-module": {
      "version": "1.0.0",
      "resolved": "https://registry.npmjs.org/is-module/-/is-module-1.0.0.tgz",
      "integrity": "sha512-51ypPSPCoTEIN9dy5Oy+h4pShgJmPCygKfyRCISBI+JoWT/2oJvK8QPxmwv7b/p239jXrm9M1mlQbyKJ5A152g==",
      "dev": true
    },
    "node_modules/is-reference": {
      "version": "1.2.1",
      "resolved": "https://registry.npmjs.org/is-reference/-/is-reference-1.2.1.tgz",
      "integrity": "sha512-U82MsXXiFIrjCK4otLT+o2NA2Cd2g5MLoOVXUZjIOhLurrRxpEXzI8O0KZHr3IjLvlAH1kTPYSuqer5T9ZVBKQ==",
      "dev": true,
      "dependencies": {
        "@types/estree": "*"
      }
    },
    "node_modules/magic-string": {
      "version": "0.30.7",
      "resolved": "https://registry.npmjs.org/magic-string/-/magic-string-0.30.7.tgz",
      "integrity": "sha512-8vBuFF/I/+OSLRmdf2wwFCJCz+nSn0m6DPvGH1fS/KiQoSaR+sETbov0eIk9KhEKy8CYqIkIAnbohxT/4H0kuA==",
      "dev": true,
      "dependencies": {
        "@jridgewell/sourcemap-codec": "^1.4.15"
      },
      "engines": {
        "node": ">=12"
      }
    },
    "node_modules/minimatch": {
      "version": "5.1.6",
      "resolved": "https://registry.npmjs.org/minimatch/-/minimatch-5.1.6.tgz",
      "integrity": "sha512-lKwV/1brpG6mBUFHtb7NUmtABCb2WZZmm2wNiOA5hAb8VdCS4B3dtMWyvcoViccwAW/COERjXLt0zP1zXUN26g==",
      "dev": true,
      "dependencies": {
        "brace-expansion": "^2.0.1"
      },
      "engines": {
        "node": ">=10"
      }
    },
    "node_modules/once": {
      "version": "1.4.0",
      "resolved": "https://registry.npmjs.org/once/-/once-1.4.0.tgz",
      "integrity": "sha512-lNaJgI+2Q5URQBkccEKHTQOPaXdUxnZZElQTZY0MFUAuaEqe1E+Nyvgdz/aIyNi6Z9MzO5dv1H8n58/GELp3+w==",
      "dev": true,
      "dependencies": {
        "wrappy": "1"
      }
    },
    "node_modules/path-parse": {
      "version": "1.0.7",
      "resolved": "https://registry.npmjs.org/path-parse/-/path-parse-1.0.7.tgz",
      "integrity": "sha512-LDJzPVEEEPR+y48z93A0Ed0yXb8pAByGWo/k5YYdYgpY2/2EsOsksJrq7lOHxryrVOn1ejG6oAp8ahvOIQD8sw==",
      "dev": true
    },
    "node_modules/picomatch": {
      "version": "2.3.1",
      "resolved": "https://registry.npmjs.org/picomatch/-/picomatch-2.3.1.tgz",
      "integrity": "sha512-JU3teHTNjmE2VCGFzuY8EXzCDVwEqB2a8fsIvwaStHhAWJEeVd1o1QD80CU6+ZdEXXSLbSsuLwJjkCBWqRQUVA==",
      "dev": true,
      "engines": {
        "node": ">=8.6"
      },
      "funding": {
        "url": "https://github.com/sponsors/jonschlinkert"
      }
    },
    "node_modules/resolve": {
      "version": "1.22.8",
      "resolved": "https://registry.npmjs.org/resolve/-/resolve-1.22.8.tgz",
      "integrity": "sha512-oKWePCxqpd6FlLvGV1VU0x7bkPmmCNolxzjMf4NczoDnQcIWrAF+cPtZn5i6n+RfD2d9i0tzpKnG6Yk168yIyw==",
      "dev": true,
      "dependencies": {
        "is-core-module": "^2.13.0",
        "path-parse": "^1.0.7",
        "supports-preserve-symlinks-flag": "^1.0.0"
      },
      "bin": {
        "resolve": "bin/resolve"
      },
      "funding": {
        "url": "https://github.com/sponsors/ljharb"
      }
    },
    "node_modules/rollup": {
      "version": "4.12.0",
      "resolved": "https://registry.npmjs.org/rollup/-/rollup-4.12.0.tgz",
      "integrity": "sha512-wz66wn4t1OHIJw3+XU7mJJQV/2NAfw5OAk6G6Hoo3zcvz/XOfQ52Vgi+AN4Uxoxi0KBBwk2g8zPrTDA4btSB/Q==",
      "dev": true,
      "dependencies": {
        "@types/estree": "1.0.5"
      },
      "bin": {
        "rollup": "dist/bin/rollup"
      },
      "engines": {
        "node": ">=18.0.0",
        "npm": ">=8.0.0"
      },
      "optionalDependencies": {
        "@rollup/rollup-android-arm-eabi": "4.12.0",
        "@rollup/rollup-android-arm64": "4.12.0",
        "@rollup/rollup-darwin-arm64": "4.12.0",
        "@rollup/rollup-darwin-x64": "4.12.0",
        "@rollup/rollup-linux-arm-gnueabihf": "4.12.0",
        "@rollup/rollup-linux-arm64-gnu": "4.12.0",
        "@rollup/rollup-linux-arm64-musl": "4.12.0",
        "@rollup/rollup-linux-riscv64-gnu": "4.12.0",
        "@rollup/rollup-linux-x64-gnu": "4.12.0",
        "@rollup/rollup-linux-x64-musl": "4.12.0",
        "@rollup/rollup-win32-arm64-msvc": "4.12.0",
        "@rollup/rollup-win32-ia32-msvc": "4.12.0",
        "@rollup/rollup-win32-x64-msvc": "4.12.0",
        "fsevents": "~2.3.2"
      }
    },
    "node_modules/supports-preserve-symlinks-flag": {
      "version": "1.0.0",
      "resolved": "https://registry.npmjs.org/supports-preserve-symlinks-flag/-/supports-preserve-symlinks-flag-1.0.0.tgz",
      "integrity": "sha512-ot0WnXS9fgdkgIcePe6RHNk1WA8+muPa6cSjeR3V8K27q9BB1rTE3R1p7Hv0z1ZyAc8s6Vvv8DIyWf681MAt0w==",
      "dev": true,
      "engines": {
        "node": ">= 0.4"
      },
      "funding": {
        "url": "https://github.com/sponsors/ljharb"
      }
    },
    "node_modules/wrappy": {
      "version": "1.0.2",
      "resolved": "https://registry.npmjs.org/wrappy/-/wrappy-1.0.2.tgz",
      "integrity": "sha512-l4Sp/DRseor9wL6EvV2+TuQn63dMkPjZ/sp9XkghTEbV9KlPS1xUsZ3u7/IQO4wxtcFB4bgpQPRcR3QCvezPcQ==",
      "dev": true
    }
  }
}
