{
  "name": "Chrome Extensions Gemini Demo",
  "version": "1.0",
  "lockfileVersion": 3,
  "requires": true,
  "packages": {
    "": {
      "name": "Chrome Extensions Gemini Demo",
      "version": "1.0",
      "dependencies": {
        "@google/generative-ai": "^0.15.0"
      }
    },
    "node_modules/@google/generative-ai": {
      "version": "0.15.0",
      "resolved": "https://registry.npmjs.org/@google/generative-ai/-/generative-ai-0.15.0.tgz",
      "integrity": "sha512-zs37judcTYFJf1U7tnuqnh7gdzF6dcWj9pNRxjA5JTONRoiQ0htrRdbefRFiewOIfXwhun5t9hbd2ray7812eQ==",
      "engines": {
        "node": ">=18.0.0"
      }
    }
  }
}
